{
    "_readme": [
        "This file locks the dependencies of your project to a known state",
        "Read more about it at http://getcomposer.org/doc/01-basic-usage.md#composer-lock-the-lock-file"
    ],
    "hash": "79750a77eac114661ef7f3b8763293e3",
    "packages": [
        {
            "name": "cakephp/cakephp",
            "version": "dev-pluginmirror",
            "source": {
                "type": "git",
                "url": "https://github.com/cakephp/cakephp.git",
                "reference": "2.3.10"
            },
            "require": {
                "composer/installers": "*",
                "php": ">=5.3.0"
            },
            "type": "cakephp-plugin",
            "license": [
                "MIT"
            ],
            "description": "The Rapid Development Framework for PHP",
            "homepage": "http://cakephp.org/",
            "keywords": [
                "cakephp",
                "framework"
            ],
            "support": {
                "issues": "https://cakephp.lighthouseapp.com",
                "source": "https://github.com/cakephp/cakephp"
            },
            "time": "2013-08-30 19:56:44"
        },
        {
            "name": "cakephp/debug_kit",
            "version": "dev-master",
            "source": {
                "type": "git",
                "url": "https://github.com/cakephp/debug_kit.git",
                "reference": "e2b6013d83436b41ac50464b0bcd0d234859f7ba"
            },
            "dist": {
                "type": "zip",
                "url": "https://api.github.com/repos/cakephp/debug_kit/zipball/e2b6013d83436b41ac50464b0bcd0d234859f7ba",
                "reference": "e2b6013d83436b41ac50464b0bcd0d234859f7ba",
                "shasum": ""
            },
            "require": {
                "composer/installers": "*",
                "php": ">=5.3.0"
            },
            "type": "cakephp-plugin",
            "extra": {
                "branch-alias": {
                    "dev-master": "2.2.x-dev"
                },
                "installer-name": "DebugKit"
            },
            "notification-url": "https://packagist.org/downloads/",
            "license": [
                "MIT"
            ],
            "authors": [
                {
                    "name": "Mark Story",
                    "homepage": "http://mark-story.com",
                    "role": "Author"
                },
                {
                    "name": "CakePHP Community",
                    "homepage": "https://github.com/cakephp/debug_kit/graphs/contributors"
                }
            ],
            "description": "CakePHP Debug Kit",
            "homepage": "https://github.com/cakephp/debug_kit",
            "keywords": [
                "cakephp",
                "debug",
                "kit"
            ],
            "time": "2013-10-11 14:10:06"
        },
        {
            "name": "composer/installers",
            "version": "dev-master",
            "source": {
                "type": "git",
                "url": "https://github.com/composer/installers.git",
                "reference": "46085247845046fadfdbf1b3d8ac851fa90a48d5"
            },
            "dist": {
                "type": "zip",
                "url": "https://api.github.com/repos/composer/installers/zipball/46085247845046fadfdbf1b3d8ac851fa90a48d5",
                "reference": "46085247845046fadfdbf1b3d8ac851fa90a48d5",
                "shasum": ""
            },
            "replace": {
                "shama/baton": "*"
            },
            "require-dev": {
                "composer/composer": "1.0.*@dev",
                "phpunit/phpunit": "3.7.*"
            },
            "type": "composer-installer",
            "extra": {
                "class": "Composer\\Installers\\Installer",
                "branch-alias": {
                    "dev-master": "1.0-dev"
                }
            },
            "autoload": {
                "psr-0": {
                    "Composer\\Installers\\": "src/"
                }
            },
            "notification-url": "https://packagist.org/downloads/",
            "license": [
                "MIT"
            ],
            "authors": [
                {
                    "name": "Kyle Robinson Young",
                    "email": "kyle@dontkry.com",
                    "homepage": "https://github.com/shama",
                    "role": "Developer"
                }
            ],
            "description": "A multi-framework Composer library installer",
            "homepage": "http://composer.github.com/installers/",
            "keywords": [
                "TYPO3 CMS",
                "TYPO3 Flow",
                "TYPO3 Neos",
                "agl",
                "cakephp",
                "codeigniter",
                "drupal",
                "fuelphp",
                "installer",
                "joomla",
                "kohana",
                "laravel",
                "li3",
                "lithium",
                "mako",
                "modulework",
                "phpbb",
                "ppi",
                "silverstripe",
                "symfony",
                "wordpress",
                "zend"
            ],
            "time": "2013-10-11 03:22:56"
        },
        {
            "name": "knplabs/github-api",
            "version": "dev-master",
            "source": {
                "type": "git",
                "url": "https://github.com/KnpLabs/php-github-api.git",
                "reference": "3787a1b87cf9d8549dc33b5b73a5d09f23a91ea2"
            },
            "dist": {
                "type": "zip",
                "url": "https://api.github.com/repos/KnpLabs/php-github-api/zipball/3787a1b87cf9d8549dc33b5b73a5d09f23a91ea2",
                "reference": "3787a1b87cf9d8549dc33b5b73a5d09f23a91ea2",
                "shasum": ""
            },
            "require": {
                "ext-curl": "*",
                "kriswallsmith/buzz": ">=0.7",
                "php": ">=5.3.2"
            },
            "type": "library",
            "extra": {
                "branch-alias": {
                    "dev-master": "1.2.x-dev"
                }
            },
            "autoload": {
                "psr-0": {
                    "Github\\": "lib/"
                }
            },
            "notification-url": "https://packagist.org/downloads/",
            "license": [
                "MIT"
            ],
            "authors": [
                {
                    "name": "Thibault Duplessis",
                    "email": "thibault.duplessis@gmail.com",
                    "homepage": "http://ornicar.github.com"
                },
                {
                    "name": "KnpLabs Team",
                    "homepage": "http://knplabs.com"
                }
            ],
            "description": "GitHub API v3 client",
            "homepage": "https://github.com/KnpLabs/php-github-api",
            "keywords": [
                "api",
                "gh",
                "gist",
                "github"
            ],
            "time": "2013-09-24 10:40:31"
        },
        {
            "name": "kriswallsmith/buzz",
            "version": "dev-master",
            "source": {
                "type": "git",
                "url": "https://github.com/kriswallsmith/Buzz.git",
                "reference": "805272acb603161f0bc92380bbd801d5ffabf89d"
            },
            "dist": {
                "type": "zip",
                "url": "https://api.github.com/repos/kriswallsmith/Buzz/zipball/805272acb603161f0bc92380bbd801d5ffabf89d",
                "reference": "805272acb603161f0bc92380bbd801d5ffabf89d",
                "shasum": ""
            },
            "require": {
                "php": ">=5.3.0"
            },
            "require-dev": {
                "phpunit/phpunit": "3.7.*"
            },
            "suggest": {
                "ext-curl": "*"
            },
            "type": "library",
            "autoload": {
                "psr-0": {
                    "Buzz": "lib/"
                }
            },
            "notification-url": "https://packagist.org/downloads/",
            "license": [
                "MIT"
            ],
            "authors": [
                {
                    "name": "Kris Wallsmith",
                    "email": "kris.wallsmith@gmail.com",
                    "homepage": "http://kriswallsmith.net/"
                }
            ],
            "description": "Lightweight HTTP client",
            "homepage": "https://github.com/kriswallsmith/Buzz",
            "keywords": [
                "curl",
                "http client"
            ],
            "time": "2013-09-12 13:09:33"
        }
    ],
    "packages-dev": [

    ],
    "aliases": [

    ],
    "minimum-stability": "dev",
    "stability-flags": {
        "cakephp/cakephp": 20
    },
    "platform": [

    ],
    "platform-dev": [

    ]
}
